// !$*UTF8*$!
{
	archiveVersion = 1;
	classes = {
	};
	objectVersion = 50;
	objects = {

/* Begin PBXBuildFile section */
		A985D92A256C76C500EC7856 /* AppDelegate.swift in Sources */ = {isa = PBXBuildFile; fileRef = A985D929256C76C500EC7856 /* AppDelegate.swift */; };
		A985D92C256C76C500EC7856 /* SceneDelegate.swift in Sources */ = {isa = PBXBuildFile; fileRef = A985D92B256C76C500EC7856 /* SceneDelegate.swift */; };
		A985D92E256C76C500EC7856 /* ViewController.swift in Sources */ = {isa = PBXBuildFile; fileRef = A985D92D256C76C500EC7856 /* ViewController.swift */; };
		A985D931256C76C500EC7856 /* Main.storyboard in Resources */ = {isa = PBXBuildFile; fileRef = A985D92F256C76C500EC7856 /* Main.storyboard */; };
		A985D933256C76C500EC7856 /* Assets.xcassets in Resources */ = {isa = PBXBuildFile; fileRef = A985D932256C76C500EC7856 /* Assets.xcassets */; };
		A985D936256C76C500EC7856 /* LaunchScreen.storyboard in Resources */ = {isa = PBXBuildFile; fileRef = A985D934256C76C500EC7856 /* LaunchScreen.storyboard */; };
		A985D941256C76C600EC7856 /* PreworkTests.swift in Sources */ = {isa = PBXBuildFile; fileRef = A985D940256C76C600EC7856 /* PreworkTests.swift */; };
		A985D94C256C76C600EC7856 /* PreworkUITests.swift in Sources */ = {isa = PBXBuildFile; fileRef = A985D94B256C76C600EC7856 /* PreworkUITests.swift */; };
/* End PBXBuildFile section */

/* Begin PBXContainerItemProxy section */
		A985D93D256C76C600EC7856 /* PBXContainerItemProxy */ = {
			isa = PBXContainerItemProxy;
			containerPortal = A985D91E256C76C500EC7856 /* Project object */;
			proxyType = 1;
			remoteGlobalIDString = A985D925256C76C500EC7856;
			remoteInfo = Prework;
		};
		A985D948256C76C600EC7856 /* PBXContainerItemProxy */ = {
			isa = PBXContainerItemProxy;
			containerPortal = A985D91E256C76C500EC7856 /* Project object */;
			proxyType = 1;
			remoteGlobalIDString = A985D925256C76C500EC7856;
			remoteInfo = Prework;
		};
/* End PBXContainerItemProxy section */

/* Begin PBXFileReference section */
		A985D926256C76C500EC7856 /* Prework.app */ = {isa = PBXFileReference; explicitFileType = wrapper.application; includeInIndex = 0; path = Prework.app; sourceTree = BUILT_PRODUCTS_DIR; };
		A985D929256C76C500EC7856 /* AppDelegate.swift */ = {isa = PBXFileReference; lastKnownFileType = sourcecode.swift; path = AppDelegate.swift; sourceTree = "<group>"; };
		A985D92B256C76C500EC7856 /* SceneDelegate.swift */ = {isa = PBXFileReference; lastKnownFileType = sourcecode.swift; path = SceneDelegate.swift; sourceTree = "<group>"; };
		A985D92D256C76C500EC7856 /* ViewController.swift */ = {isa = PBXFileReference; lastKnownFileType = sourcecode.swift; path = ViewController.swift; sourceTree = "<group>"; };
		A985D930256C76C500EC7856 /* Base */ = {isa = PBXFileReference; lastKnownFileType = file.storyboard; name = Base; path = Base.lproj/Main.storyboard; sourceTree = "<group>"; };
		A985D932256C76C500EC7856 /* Assets.xcassets */ = {isa = PBXFileReference; lastKnownFileType = folder.assetcatalog; path = Assets.xcassets; sourceTree = "<group>"; };
		A985D935256C76C500EC7856 /* Base */ = {isa = PBXFileReference; lastKnownFileType = file.storyboard; name = Base; path = Base.lproj/LaunchScreen.storyboard; sourceTree = "<group>"; };
		A985D937256C76C500EC7856 /* Info.plist */ = {isa = PBXFileReference; lastKnownFileType = text.plist.xml; path = Info.plist; sourceTree = "<group>"; };
		A985D93C256C76C600EC7856 /* PreworkTests.xctest */ = {isa = PBXFileReference; explicitFileType = wrapper.cfbundle; includeInIndex = 0; path = PreworkTests.xctest; sourceTree = BUILT_PRODUCTS_DIR; };
		A985D940256C76C600EC7856 /* PreworkTests.swift */ = {isa = PBXFileReference; lastKnownFileType = sourcecode.swift; path = PreworkTests.swift; sourceTree = "<group>"; };
		A985D942256C76C600EC7856 /* Info.plist */ = {isa = PBXFileReference; lastKnownFileType = text.plist.xml; path = Info.plist; sourceTree = "<group>"; };
		A985D947256C76C600EC7856 /* PreworkUITests.xctest */ = {isa = PBXFileReference; explicitFileType = wrapper.cfbundle; includeInIndex = 0; path = PreworkUITests.xctest; sourceTree = BUILT_PRODUCTS_DIR; };
		A985D94B256C76C600EC7856 /* PreworkUITests.swift */ = {isa = PBXFileReference; lastKnownFileType = sourcecode.swift; path = PreworkUITests.swift; sourceTree = "<group>"; };
		A985D94D256C76C600EC7856 /* Info.plist */ = {isa = PBXFileReference; lastKnownFileType = text.plist.xml; path = Info.plist; sourceTree = "<group>"; };
/* End PBXFileReference section */

/* Begin PBXFrameworksBuildPhase section */
		A985D923256C76C500EC7856 /* Frameworks */ = {
			isa = PBXFrameworksBuildPhase;
			buildActionMask = 2147483647;
			files = (
			);
			runOnlyForDeploymentPostprocessing = 0;
		};
		A985D939256C76C600EC7856 /* Frameworks */ = {
			isa = PBXFrameworksBuildPhase;
			buildActionMask = 2147483647;
			files = (
			);
			runOnlyForDeploymentPostprocessing = 0;
		};
		A985D944256C76C600EC7856 /* Frameworks */ = {
			isa = PBXFrameworksBuildPhase;
			buildActionMask = 2147483647;
			files = (
			);
			runOnlyForDeploymentPostprocessing = 0;
		};
/* End PBXFrameworksBuildPhase section */

/* Begin PBXGroup section */
		A985D91D256C76C500EC7856 = {
			isa = PBXGroup;
			children = (
				A985D928256C76C500EC7856 /* Prework */,
				A985D93F256C76C600EC7856 /* PreworkTests */,
				A985D94A256C76C600EC7856 /* PreworkUITests */,
				A985D927256C76C500EC7856 /* Products */,
			);
			sourceTree = "<group>";
		};
		A985D927256C76C500EC7856 /* Products */ = {
			isa = PBXGroup;
			children = (
				A985D926256C76C500EC7856 /* Prework.app */,
				A985D93C256C76C600EC7856 /* PreworkTests.xctest */,
				A985D947256C76C600EC7856 /* PreworkUITests.xctest */,
			);
			name = Products;
			sourceTree = "<group>";
		};
		A985D928256C76C500EC7856 /* Prework */ = {
			isa = PBXGroup;
			children = (
				A985D929256C76C500EC7856 /* AppDelegate.swift */,
				A985D92B256C76C500EC7856 /* SceneDelegate.swift */,
				A985D92D256C76C500EC7856 /* ViewController.swift */,
				A985D92F256C76C500EC7856 /* Main.storyboard */,
				A985D932256C76C500EC7856 /* Assets.xcassets */,
				A985D934256C76C500EC7856 /* LaunchScreen.storyboard */,
				A985D937256C76C500EC7856 /* Info.plist */,
			);
			path = Prework;
			sourceTree = "<group>";
		};
		A985D93F256C76C600EC7856 /* PreworkTests */ = {
			isa = PBXGroup;
			children = (
				A985D940256C76C600EC7856 /* PreworkTests.swift */,
				A985D942256C76C600EC7856 /* Info.plist */,
			);
			path = PreworkTests;
			sourceTree = "<group>";
		};
		A985D94A256C76C600EC7856 /* PreworkUITests */ = {
			isa = PBXGroup;
			children = (
				A985D94B256C76C600EC7856 /* PreworkUITests.swift */,
				A985D94D256C76C600EC7856 /* Info.plist */,
			);
			path = PreworkUITests;
			sourceTree = "<group>";
		};
/* End PBXGroup section */

/* Begin PBXNativeTarget section */
		A985D925256C76C500EC7856 /* Prework */ = {
			isa = PBXNativeTarget;
			buildConfigurationList = A985D950256C76C600EC7856 /* Build configuration list for PBXNativeTarget "Prework" */;
			buildPhases = (
				A985D922256C76C500EC7856 /* Sources */,
				A985D923256C76C500EC7856 /* Frameworks */,
				A985D924256C76C500EC7856 /* Resources */,
			);
			buildRules = (
			);
			dependencies = (
			);
			name = Prework;
			productName = Prework;
			productReference = A985D926256C76C500EC7856 /* Prework.app */;
			productType = "com.apple.product-type.application";
		};
		A985D93B256C76C600EC7856 /* PreworkTests */ = {
			isa = PBXNativeTarget;
			buildConfigurationList = A985D953256C76C600EC7856 /* Build configuration list for PBXNativeTarget "PreworkTests" */;
			buildPhases = (
				A985D938256C76C600EC7856 /* Sources */,
				A985D939256C76C600EC7856 /* Frameworks */,
				A985D93A256C76C600EC7856 /* Resources */,
			);
			buildRules = (
			);
			dependencies = (
				A985D93E256C76C600EC7856 /* PBXTargetDependency */,
			);
			name = PreworkTests;
			productName = PreworkTests;
			productReference = A985D93C256C76C600EC7856 /* PreworkTests.xctest */;
			productType = "com.apple.product-type.bundle.unit-test";
		};
		A985D946256C76C600EC7856 /* PreworkUITests */ = {
			isa = PBXNativeTarget;
			buildConfigurationList = A985D956256C76C600EC7856 /* Build configuration list for PBXNativeTarget "PreworkUITests" */;
			buildPhases = (
				A985D943256C76C600EC7856 /* Sources */,
				A985D944256C76C600EC7856 /* Frameworks */,
				A985D945256C76C600EC7856 /* Resources */,
			);
			buildRules = (
			);
			dependencies = (
				A985D949256C76C600EC7856 /* PBXTargetDependency */,
			);
			name = PreworkUITests;
			productName = PreworkUITests;
			productReference = A985D947256C76C600EC7856 /* PreworkUITests.xctest */;
			productType = "com.apple.product-type.bundle.ui-testing";
		};
/* End PBXNativeTarget section */

/* Begin PBXProject section */
		A985D91E256C76C500EC7856 /* Project object */ = {
			isa = PBXProject;
			attributes = {
				LastSwiftUpdateCheck = 1130;
				LastUpgradeCheck = 1230;
				ORGANIZATIONNAME = "Babajide, Blessing";
				TargetAttributes = {
					A985D925256C76C500EC7856 = {
						CreatedOnToolsVersion = 11.3;
					};
					A985D93B256C76C600EC7856 = {
						CreatedOnToolsVersion = 11.3;
						TestTargetID = A985D925256C76C500EC7856;
					};
					A985D946256C76C600EC7856 = {
						CreatedOnToolsVersion = 11.3;
						TestTargetID = A985D925256C76C500EC7856;
					};
				};
			};
			buildConfigurationList = A985D921256C76C500EC7856 /* Build configuration list for PBXProject "Prework" */;
			compatibilityVersion = "Xcode 9.3";
			developmentRegion = en;
			hasScannedForEncodings = 0;
			knownRegions = (
				en,
				Base,
			);
			mainGroup = A985D91D256C76C500EC7856;
			productRefGroup = A985D927256C76C500EC7856 /* Products */;
			projectDirPath = "";
			projectRoot = "";
			targets = (
				A985D925256C76C500EC7856 /* Prework */,
				A985D93B256C76C600EC7856 /* PreworkTests */,
				A985D946256C76C600EC7856 /* PreworkUITests */,
			);
		};
/* End PBXProject section */

/* Begin PBXResourcesBuildPhase section */
		A985D924256C76C500EC7856 /* Resources */ = {
			isa = PBXResourcesBuildPhase;
			buildActionMask = 2147483647;
			files = (
				A985D936256C76C500EC7856 /* LaunchScreen.storyboard in Resources */,
				A985D933256C76C500EC7856 /* Assets.xcassets in Resources */,
				A985D931256C76C500EC7856 /* Main.storyboard in Resources */,
			);
			runOnlyForDeploymentPostprocessing = 0;
		};
		A985D93A256C76C600EC7856 /* Resources */ = {
			isa = PBXResourcesBuildPhase;
			buildActionMask = 2147483647;
			files = (
			);
			runOnlyForDeploymentPostprocessing = 0;
		};
		A985D945256C76C600EC7856 /* Resources */ = {
			isa = PBXResourcesBuildPhase;
			buildActionMask = 2147483647;
			files = (
			);
			runOnlyForDeploymentPostprocessing = 0;
		};
/* End PBXResourcesBuildPhase section */

/* Begin PBXSourcesBuildPhase section */
		A985D922256C76C500EC7856 /* Sources */ = {
			isa = PBXSourcesBuildPhase;
			buildActionMask = 2147483647;
			files = (
				A985D92E256C76C500EC7856 /* ViewController.swift in Sources */,
				A985D92A256C76C500EC7856 /* AppDelegate.swift in Sources */,
				A985D92C256C76C500EC7856 /* SceneDelegate.swift in Sources */,
			);
			runOnlyForDeploymentPostprocessing = 0;
		};
		A985D938256C76C600EC7856 /* Sources */ = {
			isa = PBXSourcesBuildPhase;
			buildActionMask = 2147483647;
			files = (
				A985D941256C76C600EC7856 /* PreworkTests.swift in Sources */,
			);
			runOnlyForDeploymentPostprocessing = 0;
		};
		A985D943256C76C600EC7856 /* Sources */ = {
			isa = PBXSourcesBuildPhase;
			buildActionMask = 2147483647;
			files = (
				A985D94C256C76C600EC7856 /* PreworkUITests.swift in Sources */,
			);
			runOnlyForDeploymentPostprocessing = 0;
		};
/* End PBXSourcesBuildPhase section */

/* Begin PBXTargetDependency section */
		A985D93E256C76C600EC7856 /* PBXTargetDependency */ = {
			isa = PBXTargetDependency;
			target = A985D925256C76C500EC7856 /* Prework */;
			targetProxy = A985D93D256C76C600EC7856 /* PBXContainerItemProxy */;
		};
		A985D949256C76C600EC7856 /* PBXTargetDependency */ = {
			isa = PBXTargetDependency;
			target = A985D925256C76C500EC7856 /* Prework */;
			targetProxy = A985D948256C76C600EC7856 /* PBXContainerItemProxy */;
		};
/* End PBXTargetDependency section */

/* Begin PBXVariantGroup section */
		A985D92F256C76C500EC7856 /* Main.storyboard */ = {
			isa = PBXVariantGroup;
			children = (
				A985D930256C76C500EC7856 /* Base */,
			);
			name = Main.storyboard;
			sourceTree = "<group>";
		};
		A985D934256C76C500EC7856 /* LaunchScreen.storyboard */ = {
			isa = PBXVariantGroup;
			children = (
				A985D935256C76C500EC7856 /* Base */,
			);
			name = LaunchScreen.storyboard;
			sourceTree = "<group>";
		};
/* End PBXVariantGroup section */

/* Begin XCBuildConfiguration section */
		A985D94E256C76C600EC7856 /* Debug */ = {
			isa = XCBuildConfiguration;
			buildSettings = {
				ALWAYS_SEARCH_USER_PATHS = NO;
				CLANG_ANALYZER_NONNULL = YES;
				CLANG_ANALYZER_NUMBER_OBJECT_CONVERSION = YES_AGGRESSIVE;
				CLANG_CXX_LANGUAGE_STANDARD = "gnu++14";
				CLANG_CXX_LIBRARY = "libc++";
				CLANG_ENABLE_MODULES = YES;
				CLANG_ENABLE_OBJC_ARC = YES;
				CLANG_ENABLE_OBJC_WEAK = YES;
				CLANG_WARN_BLOCK_CAPTURE_AUTORELEASING = YES;
				CLANG_WARN_BOOL_CONVERSION = YES;
				CLANG_WARN_COMMA = YES;
				CLANG_WARN_CONSTANT_CONVERSION = YES;
				CLANG_WARN_DEPRECATED_OBJC_IMPLEMENTATIONS = YES;
				CLANG_WARN_DIRECT_OBJC_ISA_USAGE = YES_ERROR;
				CLANG_WARN_DOCUMENTATION_COMMENTS = YES;
				CLANG_WARN_EMPTY_BODY = YES;
				CLANG_WARN_ENUM_CONVERSION = YES;
				CLANG_WARN_INFINITE_RECURSION = YES;
				CLANG_WARN_INT_CONVERSION = YES;
				CLANG_WARN_NON_LITERAL_NULL_CONVERSION = YES;
				CLANG_WARN_OBJC_IMPLICIT_RETAIN_SELF = YES;
				CLANG_WARN_OBJC_LITERAL_CONVERSION = YES;
				CLANG_WARN_OBJC_ROOT_CLASS = YES_ERROR;
				CLANG_WARN_QUOTED_INCLUDE_IN_FRAMEWORK_HEADER = YES;
				CLANG_WARN_RANGE_LOOP_ANALYSIS = YES;
				CLANG_WARN_STRICT_PROTOTYPES = YES;
				CLANG_WARN_SUSPICIOUS_MOVE = YES;
				CLANG_WARN_UNGUARDED_AVAILABILITY = YES_AGGRESSIVE;
				CLANG_WARN_UNREACHABLE_CODE = YES;
				CLANG_WARN__DUPLICATE_METHOD_MATCH = YES;
				COPY_PHASE_STRIP = NO;
				DEBUG_INFORMATION_FORMAT = dwarf;
				ENABLE_STRICT_OBJC_MSGSEND = YES;
				ENABLE_TESTABILITY = YES;
				GCC_C_LANGUAGE_STANDARD = gnu11;
				GCC_DYNAMIC_NO_PIC = NO;
				GCC_NO_COMMON_BLOCKS = YES;
				GCC_OPTIMIZATION_LEVEL = 0;
				GCC_PREPROCESSOR_DEFINITIONS = (
					"DEBUG=1",
					"$(inherited)",
				);
				GCC_WARN_64_TO_32_BIT_CONVERSION = YES;
				GCC_WARN_ABOUT_RETURN_TYPE = YES_ERROR;
				GCC_WARN_UNDECLARED_SELECTOR = YES;
				GCC_WARN_UNINITIALIZED_AUTOS = YES_AGGRESSIVE;
				GCC_WARN_UNUSED_FUNCTION = YES;
				GCC_WARN_UNUSED_VARIABLE = YES;
				IPHONEOS_DEPLOYMENT_TARGET = 13.2;
				MTL_ENABLE_DEBUG_INFO = INCLUDE_SOURCE;
				MTL_FAST_MATH = YES;
				ONLY_ACTIVE_ARCH = YES;
				SDKROOT = iphoneos;
				SWIFT_ACTIVE_COMPILATION_CONDITIONS = DEBUG;
				SWIFT_OPTIMIZATION_LEVEL = "-Onone";
			};
			name = Debug;
		};
		A985D94F256C76C600EC7856 /* Release */ = {
			isa = XCBuildConfiguration;
			buildSettings = {
				ALWAYS_SEARCH_USER_PATHS = NO;
				CLANG_ANALYZER_NONNULL = YES;
				CLANG_ANALYZER_NUMBER_OBJECT_CONVERSION = YES_AGGRESSIVE;
				CLANG_CXX_LANGUAGE_STANDARD = "gnu++14";
				CLANG_CXX_LIBRARY = "libc++";
				CLANG_ENABLE_MODULES = YES;
				CLANG_ENABLE_OBJC_ARC = YES;
				CLANG_ENABLE_OBJC_WEAK = YES;
				CLANG_WARN_BLOCK_CAPTURE_AUTORELEASING = YES;
				CLANG_WARN_BOOL_CONVERSION = YES;
				CLANG_WARN_COMMA = YES;
				CLANG_WARN_CONSTANT_CONVERSION = YES;
				CLANG_WARN_DEPRECATED_OBJC_IMPLEMENTATIONS = YES;
				CLANG_WARN_DIRECT_OBJC_ISA_USAGE = YES_ERROR;
				CLANG_WARN_DOCUMENTATION_COMMENTS = YES;
				CLANG_WARN_EMPTY_BODY = YES;
				CLANG_WARN_ENUM_CONVERSION = YES;
				CLANG_WARN_INFINITE_RECURSION = YES;
				CLANG_WARN_INT_CONVERSION = YES;
				CLANG_WARN_NON_LITERAL_NULL_CONVERSION = YES;
				CLANG_WARN_OBJC_IMPLICIT_RETAIN_SELF = YES;
				CLANG_WARN_OBJC_LITERAL_CONVERSION = YES;
				CLANG_WARN_OBJC_ROOT_CLASS = YES_ERROR;
				CLANG_WARN_QUOTED_INCLUDE_IN_FRAMEWORK_HEADER = YES;
				CLANG_WARN_RANGE_LOOP_ANALYSIS = YES;
				CLANG_WARN_STRICT_PROTOTYPES = YES;
				CLANG_WARN_SUSPICIOUS_MOVE = YES;
				CLANG_WARN_UNGUARDED_AVAILABILITY = YES_AGGRESSIVE;
				CLANG_WARN_UNREACHABLE_CODE = YES;
				CLANG_WARN__DUPLICATE_METHOD_MATCH = YES;
				COPY_PHASE_STRIP = NO;
				DEBUG_INFORMATION_FORMAT = "dwarf-with-dsym";
				ENABLE_NS_ASSERTIONS = NO;
				ENABLE_STRICT_OBJC_MSGSEND = YES;
				GCC_C_LANGUAGE_STANDARD = gnu11;
				GCC_NO_COMMON_BLOCKS = YES;
				GCC_WARN_64_TO_32_BIT_CONVERSION = YES;
				GCC_WARN_ABOUT_RETURN_TYPE = YES_ERROR;
				GCC_WARN_UNDECLARED_SELECTOR = YES;
				GCC_WARN_UNINITIALIZED_AUTOS = YES_AGGRESSIVE;
				GCC_WARN_UNUSED_FUNCTION = YES;
				GCC_WARN_UNUSED_VARIABLE = YES;
				IPHONEOS_DEPLOYMENT_TARGET = 13.2;
				MTL_ENABLE_DEBUG_INFO = NO;
				MTL_FAST_MATH = YES;
				SDKROOT = iphoneos;
				SWIFT_COMPILATION_MODE = wholemodule;
				SWIFT_OPTIMIZATION_LEVEL = "-O";
				VALIDATE_PRODUCT = YES;
			};
			name = Release;
		};
		A985D951256C76C600EC7856 /* Debug */ = {
			isa = XCBuildConfiguration;
			buildSettings = {
				ASSETCATALOG_COMPILER_APPICON_NAME = AppIcon;
				CODE_SIGN_STYLE = Automatic;
				INFOPLIST_FILE = Prework/Info.plist;
				LD_RUNPATH_SEARCH_PATHS = (
					"$(inherited)",
					"@executable_path/Frameworks",
				);
				PRODUCT_BUNDLE_IDENTIFIER = com.bibie.Prework;
				PRODUCT_NAME = "$(TARGET_NAME)";
				SWIFT_VERSION = 5.0;
				TARGETED_DEVICE_FAMILY = "1,2";
			};
			name = Debug;
		};
		A985D952256C76C600EC7856 /* Release */ = {
			isa = XCBuildConfiguration;
			buildSettings = {
				ASSETCATALOG_COMPILER_APPICON_NAME = AppIcon;
				CODE_SIGN_STYLE = Automatic;
				INFOPLIST_FILE = Prework/Info.plist;
				LD_RUNPATH_SEARCH_PATHS = (
					"$(inherited)",
					"@executable_path/Frameworks",
				);
				PRODUCT_BUNDLE_IDENTIFIER = com.bibie.Prework;
				PRODUCT_NAME = "$(TARGET_NAME)";
				SWIFT_VERSION = 5.0;
				TARGETED_DEVICE_FAMILY = "1,2";
			};
			name = Release;
		};
		A985D954256C76C600EC7856 /* Debug */ = {
			isa = XCBuildConfiguration;
			buildSettings = {
				ALWAYS_EMBED_SWIFT_STANDARD_LIBRARIES = YES;
				BUNDLE_LOADER = "$(TEST_HOST)";
				CODE_SIGN_STYLE = Automatic;
				INFOPLIST_FILE = PreworkTests/Info.plist;
				IPHONEOS_DEPLOYMENT_TARGET = 13.2;
				LD_RUNPATH_SEARCH_PATHS = (
					"$(inherited)",
					"@executable_path/Frameworks",
					"@loader_path/Frameworks",
				);
				PRODUCT_BUNDLE_IDENTIFIER = com.bibie.PreworkTests;
				PRODUCT_NAME = "$(TARGET_NAME)";
				SWIFT_VERSION = 5.0;
				TARGETED_DEVICE_FAMILY = "1,2";
				TEST_HOST = "$(BUILT_PRODUCTS_DIR)/Prework.app/Prework";
			};
			name = Debug;
		};
		A985D955256C76C600EC7856 /* Release */ = {
			isa = XCBuildConfiguration;
			buildSettings = {
				ALWAYS_EMBED_SWIFT_STANDARD_LIBRARIES = YES;
				BUNDLE_LOADER = "$(TEST_HOST)";
				CODE_SIGN_STYLE = Automatic;
				INFOPLIST_FILE = PreworkTests/Info.plist;
				IPHONEOS_DEPLOYMENT_TARGET = 13.2;
				LD_RUNPATH_SEARCH_PATHS = (
					"$(inherited)",
					"@executable_path/Frameworks",
					"@loader_path/Frameworks",
				);
				PRODUCT_BUNDLE_IDENTIFIER = com.bibie.PreworkTests;
				PRODUCT_NAME = "$(TARGET_NAME)";
				SWIFT_VERSION = 5.0;
				TARGETED_DEVICE_FAMILY = "1,2";
				TEST_HOST = "$(BUILT_PRODUCTS_DIR)/Prework.app/Prework";
			};
			name = Release;
		};
		A985D957256C76C600EC7856 /* Debug */ = {
			isa = XCBuildConfiguration;
			buildSettings = {
				ALWAYS_EMBED_SWIFT_STANDARD_LIBRARIES = YES;
				CODE_SIGN_STYLE = Automatic;
				INFOPLIST_FILE = PreworkUITests/Info.plist;
				LD_RUNPATH_SEARCH_PATHS = (
					"$(inherited)",
					"@executable_path/Frameworks",
					"@loader_path/Frameworks",
				);
				PRODUCT_BUNDLE_IDENTIFIER = com.bibie.PreworkUITests;
				PRODUCT_NAME = "$(TARGET_NAME)";
				SWIFT_VERSION = 5.0;
				TARGETED_DEVICE_FAMILY = "1,2";
				TEST_TARGET_NAME = Prework;
			};
			name = Debug;
		};
		A985D958256C76C600EC7856 /* Release */ = {
			isa = XCBuildConfiguration;
			buildSettings = {
				ALWAYS_EMBED_SWIFT_STANDARD_LIBRARIES = YES;
				CODE_SIGN_STYLE = Automatic;
				INFOPLIST_FILE = PreworkUITests/Info.plist;
				LD_RUNPATH_SEARCH_PATHS = (
					"$(inherited)",
					"@executable_path/Frameworks",
					"@loader_path/Frameworks",
				);
				PRODUCT_BUNDLE_IDENTIFIER = com.bibie.PreworkUITests;
				PRODUCT_NAME = "$(TARGET_NAME)";
				SWIFT_VERSION = 5.0;
				TARGETED_DEVICE_FAMILY = "1,2";
				TEST_TARGET_NAME = Prework;
			};
			name = Release;
		};
/* End XCBuildConfiguration section */

/* Begin XCConfigurationList section */
		A985D921256C76C500EC7856 /* Build configuration list for PBXProject "Prework" */ = {
			isa = XCConfigurationList;
			buildConfigurations = (
				A985D94E256C76C600EC7856 /* Debug */,
				A985D94F256C76C600EC7856 /* Release */,
			);
			defaultConfigurationIsVisible = 0;
			defaultConfigurationName = Release;
		};
		A985D950256C76C600EC7856 /* Build configuration list for PBXNativeTarget "Prework" */ = {
			isa = XCConfigurationList;
			buildConfigurations = (
				A985D951256C76C600EC7856 /* Debug */,
				A985D952256C76C600EC7856 /* Release */,
			);
			defaultConfigurationIsVisible = 0;
			defaultConfigurationName = Release;
		};
		A985D953256C76C600EC7856 /* Build configuration list for PBXNativeTarget "PreworkTests" */ = {
			isa = XCConfigurationList;
			buildConfigurations = (
				A985D954256C76C600EC7856 /* Debug */,
				A985D955256C76C600EC7856 /* Release */,
			);
			defaultConfigurationIsVisible = 0;
			defaultConfigurationName = Release;
		};
		A985D956256C76C600EC7856 /* Build configuration list for PBXNativeTarget "PreworkUITests" */ = {
			isa = XCConfigurationList;
			buildConfigurations = (
				A985D957256C76C600EC7856 /* Debug */,
				A985D958256C76C600EC7856 /* Release */,
			);
			defaultConfigurationIsVisible = 0;
			defaultConfigurationName = Release;
		};
/* End XCConfigurationList section */
	};
	rootObject = A985D91E256C76C500EC7856 /* Project object */;
}
